// !$*UTF8*$!
{
	archiveVersion = 1;
	classes = {
	};
	objectVersion = 77;
	objects = {

/* Begin PBXBuildFile section */
		8F1EAC602D20B9A800591918 /* FirebaseAuth in Frameworks */ = {isa = PBXBuildFile; productRef = 8F1EAC5F2D20B9A800591918 /* FirebaseAuth */; };
		8F1EAC622D20B9A800591918 /* FirebaseFirestore in Frameworks */ = {isa = PBXBuildFile; productRef = 8F1EAC612D20B9A800591918 /* FirebaseFirestore */; };
		8F1EAC642D20B9A800591918 /* FirebaseStorage in Frameworks */ = {isa = PBXBuildFile; productRef = 8F1EAC632D20B9A800591918 /* FirebaseStorage */; };
		8F4D20072D21182A00841361 /* GoogleService-Info.plist in Resources */ = {isa = PBXBuildFile; fileRef = 8F4D20022D21182A00841361 /* GoogleService-Info.plist */; };
/* End PBXBuildFile section */

/* Begin PBXContainerItemProxy section */
		8F7505F72D096F54001B9BC0 /* PBXContainerItemProxy */ = {
			isa = PBXContainerItemProxy;
			containerPortal = 8F7505DE2D096F52001B9BC0 /* Project object */;
			proxyType = 1;
			remoteGlobalIDString = 8F7505E52D096F52001B9BC0;
			remoteInfo = ToDoListSwift;
		};
		8F7506012D096F54001B9BC0 /* PBXContainerItemProxy */ = {
			isa = PBXContainerItemProxy;
			containerPortal = 8F7505DE2D096F52001B9BC0 /* Project object */;
			proxyType = 1;
			remoteGlobalIDString = 8F7505E52D096F52001B9BC0;
			remoteInfo = ToDoListSwift;
		};
/* End PBXContainerItemProxy section */

/* Begin PBXFileReference section */
		8F4D20022D21182A00841361 /* GoogleService-Info.plist */ = {isa = PBXFileReference; lastKnownFileType = text.plist.xml; path = "GoogleService-Info.plist"; sourceTree = "<group>"; };
		8F7505E62D096F52001B9BC0 /* ToDoListSwift.app */ = {isa = PBXFileReference; explicitFileType = wrapper.application; includeInIndex = 0; path = ToDoListSwift.app; sourceTree = BUILT_PRODUCTS_DIR; };
		8F7505F62D096F54001B9BC0 /* ToDoListSwiftTests.xctest */ = {isa = PBXFileReference; explicitFileType = wrapper.cfbundle; includeInIndex = 0; path = ToDoListSwiftTests.xctest; sourceTree = BUILT_PRODUCTS_DIR; };
		8F7506002D096F54001B9BC0 /* ToDoListSwiftUITests.xctest */ = {isa = PBXFileReference; explicitFileType = wrapper.cfbundle; includeInIndex = 0; path = ToDoListSwiftUITests.xctest; sourceTree = BUILT_PRODUCTS_DIR; };
/* End PBXFileReference section */

/* Begin PBXFileSystemSynchronizedRootGroup section */
		8F7505E82D096F52001B9BC0 /* ToDoListSwift */ = {
			isa = PBXFileSystemSynchronizedRootGroup;
			path = ToDoListSwift;
			sourceTree = "<group>";
		};
		8F7505F92D096F54001B9BC0 /* ToDoListSwiftTests */ = {
			isa = PBXFileSystemSynchronizedRootGroup;
			path = ToDoListSwiftTests;
			sourceTree = "<group>";
		};
		8F7506032D096F54001B9BC0 /* ToDoListSwiftUITests */ = {
			isa = PBXFileSystemSynchronizedRootGroup;
			path = ToDoListSwiftUITests;
			sourceTree = "<group>";
		};
/* End PBXFileSystemSynchronizedRootGroup section */

/* Begin PBXFrameworksBuildPhase section */
		8F7505E32D096F52001B9BC0 /* Frameworks */ = {
			isa = PBXFrameworksBuildPhase;
			buildActionMask = 2147483647;
			files = (
				8F1EAC602D20B9A800591918 /* FirebaseAuth in Frameworks */,
				8F1EAC622D20B9A800591918 /* FirebaseFirestore in Frameworks */,
				8F1EAC642D20B9A800591918 /* FirebaseStorage in Frameworks */,
			);
			runOnlyForDeploymentPostprocessing = 0;
		};
		8F7505F32D096F54001B9BC0 /* Frameworks */ = {
			isa = PBXFrameworksBuildPhase;
			buildActionMask = 2147483647;
			files = (
			);
			runOnlyForDeploymentPostprocessing = 0;
		};
		8F7505FD2D096F54001B9BC0 /* Frameworks */ = {
			isa = PBXFrameworksBuildPhase;
			buildActionMask = 2147483647;
			files = (
			);
			runOnlyForDeploymentPostprocessing = 0;
		};
/* End PBXFrameworksBuildPhase section */

/* Begin PBXGroup section */
		8F7505DD2D096F52001B9BC0 = {
			isa = PBXGroup;
			children = (
				8F7505E82D096F52001B9BC0 /* ToDoListSwift */,
				8F7505F92D096F54001B9BC0 /* ToDoListSwiftTests */,
				8F7506032D096F54001B9BC0 /* ToDoListSwiftUITests */,
				8F7505E72D096F52001B9BC0 /* Products */,
				8F4D20022D21182A00841361 /* GoogleService-Info.plist */,
			);
			sourceTree = "<group>";
		};
		8F7505E72D096F52001B9BC0 /* Products */ = {
			isa = PBXGroup;
			children = (
				8F7505E62D096F52001B9BC0 /* ToDoListSwift.app */,
				8F7505F62D096F54001B9BC0 /* ToDoListSwiftTests.xctest */,
				8F7506002D096F54001B9BC0 /* ToDoListSwiftUITests.xctest */,
			);
			name = Products;
			sourceTree = "<group>";
		};
/* End PBXGroup section */

/* Begin PBXNativeTarget section */
		8F7505E52D096F52001B9BC0 /* ToDoListSwift */ = {
			isa = PBXNativeTarget;
			buildConfigurationList = 8F75060A2D096F54001B9BC0 /* Build configuration list for PBXNativeTarget "ToDoListSwift" */;
			buildPhases = (
				8F7505E22D096F52001B9BC0 /* Sources */,
				8F7505E32D096F52001B9BC0 /* Frameworks */,
				8F7505E42D096F52001B9BC0 /* Resources */,
			);
			buildRules = (
			);
			dependencies = (
			);
			fileSystemSynchronizedGroups = (
				8F7505E82D096F52001B9BC0 /* ToDoListSwift */,
			);
			name = ToDoListSwift;
			packageProductDependencies = (
				8F1EAC5F2D20B9A800591918 /* FirebaseAuth */,
				8F1EAC612D20B9A800591918 /* FirebaseFirestore */,
				8F1EAC632D20B9A800591918 /* FirebaseStorage */,
			);
			productName = ToDoListSwift;
			productReference = 8F7505E62D096F52001B9BC0 /* ToDoListSwift.app */;
			productType = "com.apple.product-type.application";
		};
		8F7505F52D096F54001B9BC0 /* ToDoListSwiftTests */ = {
			isa = PBXNativeTarget;
			buildConfigurationList = 8F75060D2D096F54001B9BC0 /* Build configuration list for PBXNativeTarget "ToDoListSwiftTests" */;
			buildPhases = (
				8F7505F22D096F54001B9BC0 /* Sources */,
				8F7505F32D096F54001B9BC0 /* Frameworks */,
				8F7505F42D096F54001B9BC0 /* Resources */,
			);
			buildRules = (
			);
			dependencies = (
				8F7505F82D096F54001B9BC0 /* PBXTargetDependency */,
			);
			fileSystemSynchronizedGroups = (
				8F7505F92D096F54001B9BC0 /* ToDoListSwiftTests */,
			);
			name = ToDoListSwiftTests;
			packageProductDependencies = (
			);
			productName = ToDoListSwiftTests;
			productReference = 8F7505F62D096F54001B9BC0 /* ToDoListSwiftTests.xctest */;
			productType = "com.apple.product-type.bundle.unit-test";
		};
		8F7505FF2D096F54001B9BC0 /* ToDoListSwiftUITests */ = {
			isa = PBXNativeTarget;
			buildConfigurationList = 8F7506102D096F54001B9BC0 /* Build configuration list for PBXNativeTarget "ToDoListSwiftUITests" */;
			buildPhases = (
				8F7505FC2D096F54001B9BC0 /* Sources */,
				8F7505FD2D096F54001B9BC0 /* Frameworks */,
				8F7505FE2D096F54001B9BC0 /* Resources */,
			);
			buildRules = (
			);
			dependencies = (
				8F7506022D096F54001B9BC0 /* PBXTargetDependency */,
			);
			fileSystemSynchronizedGroups = (
				8F7506032D096F54001B9BC0 /* ToDoListSwiftUITests */,
			);
			name = ToDoListSwiftUITests;
			packageProductDependencies = (
			);
			productName = ToDoListSwiftUITests;
			productReference = 8F7506002D096F54001B9BC0 /* ToDoListSwiftUITests.xctest */;
			productType = "com.apple.product-type.bundle.ui-testing";
		};
/* End PBXNativeTarget section */

/* Begin PBXProject section */
		8F7505DE2D096F52001B9BC0 /* Project object */ = {
			isa = PBXProject;
			attributes = {
				BuildIndependentTargetsInParallel = 1;
				LastSwiftUpdateCheck = 1610;
				LastUpgradeCheck = 1610;
				TargetAttributes = {
					8F7505E52D096F52001B9BC0 = {
						CreatedOnToolsVersion = 16.1;
						LastSwiftMigration = 1620;
					};
					8F7505F52D096F54001B9BC0 = {
						CreatedOnToolsVersion = 16.1;
						TestTargetID = 8F7505E52D096F52001B9BC0;
					};
					8F7505FF2D096F54001B9BC0 = {
						CreatedOnToolsVersion = 16.1;
						TestTargetID = 8F7505E52D096F52001B9BC0;
					};
				};
			};
			buildConfigurationList = 8F7505E12D096F52001B9BC0 /* Build configuration list for PBXProject "ToDoListSwift" */;
			developmentRegion = en;
			hasScannedForEncodings = 0;
			knownRegions = (
				en,
				Base,
			);
			mainGroup = 8F7505DD2D096F52001B9BC0;
			minimizedProjectReferenceProxies = 1;
			packageReferences = (
				8F1EAC5E2D20B9A800591918 /* XCRemoteSwiftPackageReference "firebase-ios-sdk" */,
			);
			preferredProjectObjectVersion = 77;
			productRefGroup = 8F7505E72D096F52001B9BC0 /* Products */;
			projectDirPath = "";
			projectRoot = "";
			targets = (
				8F7505E52D096F52001B9BC0 /* ToDoListSwift */,
				8F7505F52D096F54001B9BC0 /* ToDoListSwiftTests */,
				8F7505FF2D096F54001B9BC0 /* ToDoListSwiftUITests */,
			);
		};
/* End PBXProject section */

/* Begin PBXResourcesBuildPhase section */
		8F7505E42D096F52001B9BC0 /* Resources */ = {
			isa = PBXResourcesBuildPhase;
			buildActionMask = 2147483647;
			files = (
				8F4D20072D21182A00841361 /* GoogleService-Info.plist in Resources */,
			);
			runOnlyForDeploymentPostprocessing = 0;
		};
		8F7505F42D096F54001B9BC0 /* Resources */ = {
			isa = PBXResourcesBuildPhase;
			buildActionMask = 2147483647;
			files = (
			);
			runOnlyForDeploymentPostprocessing = 0;
		};
		8F7505FE2D096F54001B9BC0 /* Resources */ = {
			isa = PBXResourcesBuildPhase;
			buildActionMask = 2147483647;
			files = (
			);
			runOnlyForDeploymentPostprocessing = 0;
		};
/* End PBXResourcesBuildPhase section */

/* Begin PBXSourcesBuildPhase section */
		8F7505E22D096F52001B9BC0 /* Sources */ = {
			isa = PBXSourcesBuildPhase;
			buildActionMask = 2147483647;
			files = (
			);
			runOnlyForDeploymentPostprocessing = 0;
		};
		8F7505F22D096F54001B9BC0 /* Sources */ = {
			isa = PBXSourcesBuildPhase;
			buildActionMask = 2147483647;
			files = (
			);
			runOnlyForDeploymentPostprocessing = 0;
		};
		8F7505FC2D096F54001B9BC0 /* Sources */ = {
			isa = PBXSourcesBuildPhase;
			buildActionMask = 2147483647;
			files = (
			);
			runOnlyForDeploymentPostprocessing = 0;
		};
/* End PBXSourcesBuildPhase section */

/* Begin PBXTargetDependency section */
		8F7505F82D096F54001B9BC0 /* PBXTargetDependency */ = {
			isa = PBXTargetDependency;
			target = 8F7505E52D096F52001B9BC0 /* ToDoListSwift */;
			targetProxy = 8F7505F72D096F54001B9BC0 /* PBXContainerItemProxy */;
		};
		8F7506022D096F54001B9BC0 /* PBXTargetDependency */ = {
			isa = PBXTargetDependency;
			target = 8F7505E52D096F52001B9BC0 /* ToDoListSwift */;
			targetProxy = 8F7506012D096F54001B9BC0 /* PBXContainerItemProxy */;
		};
/* End PBXTargetDependency section */

/* Begin XCBuildConfiguration section */
		8F7506082D096F54001B9BC0 /* Debug */ = {
			isa = XCBuildConfiguration;
			buildSettings = {
				ALWAYS_SEARCH_USER_PATHS = NO;
				ASSETCATALOG_COMPILER_GENERATE_SWIFT_ASSET_SYMBOL_EXTENSIONS = YES;
				CLANG_ANALYZER_NONNULL = YES;
				CLANG_ANALYZER_NUMBER_OBJECT_CONVERSION = YES_AGGRESSIVE;
				CLANG_CXX_LANGUAGE_STANDARD = "gnu++20";
				CLANG_ENABLE_MODULES = YES;
				CLANG_ENABLE_OBJC_ARC = YES;
				CLANG_ENABLE_OBJC_WEAK = YES;
				CLANG_WARN_BLOCK_CAPTURE_AUTORELEASING = YES;
				CLANG_WARN_BOOL_CONVERSION = YES;
				CLANG_WARN_COMMA = YES;
				CLANG_WARN_CONSTANT_CONVERSION = YES;
				CLANG_WARN_DEPRECATED_OBJC_IMPLEMENTATIONS = YES;
				CLANG_WARN_DIRECT_OBJC_ISA_USAGE = YES_ERROR;
				CLANG_WARN_DOCUMENTATION_COMMENTS = YES;
				CLANG_WARN_EMPTY_BODY = YES;
				CLANG_WARN_ENUM_CONVERSION = YES;
				CLANG_WARN_INFINITE_RECURSION = YES;
				CLANG_WARN_INT_CONVERSION = YES;
				CLANG_WARN_NON_LITERAL_NULL_CONVERSION = YES;
				CLANG_WARN_OBJC_IMPLICIT_RETAIN_SELF = YES;
				CLANG_WARN_OBJC_LITERAL_CONVERSION = YES;
				CLANG_WARN_OBJC_ROOT_CLASS = YES_ERROR;
				CLANG_WARN_QUOTED_INCLUDE_IN_FRAMEWORK_HEADER = YES;
				CLANG_WARN_RANGE_LOOP_ANALYSIS = YES;
				CLANG_WARN_STRICT_PROTOTYPES = YES;
				CLANG_WARN_SUSPICIOUS_MOVE = YES;
				CLANG_WARN_UNGUARDED_AVAILABILITY = YES_AGGRESSIVE;
				CLANG_WARN_UNREACHABLE_CODE = YES;
				CLANG_WARN__DUPLICATE_METHOD_MATCH = YES;
				COPY_PHASE_STRIP = NO;
				DEBUG_INFORMATION_FORMAT = dwarf;
				ENABLE_STRICT_OBJC_MSGSEND = YES;
				ENABLE_TESTABILITY = YES;
				ENABLE_USER_SCRIPT_SANDBOXING = YES;
				GCC_C_LANGUAGE_STANDARD = gnu17;
				GCC_DYNAMIC_NO_PIC = NO;
				GCC_NO_COMMON_BLOCKS = YES;
				GCC_OPTIMIZATION_LEVEL = 0;
				GCC_PREPROCESSOR_DEFINITIONS = (
					"DEBUG=1",
					"$(inherited)",
				);
				GCC_WARN_64_TO_32_BIT_CONVERSION = YES;
				GCC_WARN_ABOUT_RETURN_TYPE = YES_ERROR;
				GCC_WARN_UNDECLARED_SELECTOR = YES;
				GCC_WARN_UNINITIALIZED_AUTOS = YES_AGGRESSIVE;
				GCC_WARN_UNUSED_FUNCTION = YES;
				GCC_WARN_UNUSED_VARIABLE = YES;
				IPHONEOS_DEPLOYMENT_TARGET = 18.1;
				LOCALIZATION_PREFERS_STRING_CATALOGS = YES;
				MTL_ENABLE_DEBUG_INFO = INCLUDE_SOURCE;
				MTL_FAST_MATH = YES;
				ONLY_ACTIVE_ARCH = YES;
				SDKROOT = iphoneos;
				SWIFT_ACTIVE_COMPILATION_CONDITIONS = "DEBUG $(inherited)";
				SWIFT_OPTIMIZATION_LEVEL = "-Onone";
			};
			name = Debug;
		};
		8F7506092D096F54001B9BC0 /* Release */ = {
			isa = XCBuildConfiguration;
			buildSettings = {
				ALWAYS_SEARCH_USER_PATHS = NO;
				ASSETCATALOG_COMPILER_GENERATE_SWIFT_ASSET_SYMBOL_EXTENSIONS = YES;
				CLANG_ANALYZER_NONNULL = YES;
				CLANG_ANALYZER_NUMBER_OBJECT_CONVERSION = YES_AGGRESSIVE;
				CLANG_CXX_LANGUAGE_STANDARD = "gnu++20";
				CLANG_ENABLE_MODULES = YES;
				CLANG_ENABLE_OBJC_ARC = YES;
				CLANG_ENABLE_OBJC_WEAK = YES;
				CLANG_WARN_BLOCK_CAPTURE_AUTORELEASING = YES;
				CLANG_WARN_BOOL_CONVERSION = YES;
				CLANG_WARN_COMMA = YES;
				CLANG_WARN_CONSTANT_CONVERSION = YES;
				CLANG_WARN_DEPRECATED_OBJC_IMPLEMENTATIONS = YES;
				CLANG_WARN_DIRECT_OBJC_ISA_USAGE = YES_ERROR;
				CLANG_WARN_DOCUMENTATION_COMMENTS = YES;
				CLANG_WARN_EMPTY_BODY = YES;
				CLANG_WARN_ENUM_CONVERSION = YES;
				CLANG_WARN_INFINITE_RECURSION = YES;
				CLANG_WARN_INT_CONVERSION = YES;
				CLANG_WARN_NON_LITERAL_NULL_CONVERSION = YES;
				CLANG_WARN_OBJC_IMPLICIT_RETAIN_SELF = YES;
				CLANG_WARN_OBJC_LITERAL_CONVERSION = YES;
				CLANG_WARN_OBJC_ROOT_CLASS = YES_ERROR;
				CLANG_WARN_QUOTED_INCLUDE_IN_FRAMEWORK_HEADER = YES;
				CLANG_WARN_RANGE_LOOP_ANALYSIS = YES;
				CLANG_WARN_STRICT_PROTOTYPES = YES;
				CLANG_WARN_SUSPICIOUS_MOVE = YES;
				CLANG_WARN_UNGUARDED_AVAILABILITY = YES_AGGRESSIVE;
				CLANG_WARN_UNREACHABLE_CODE = YES;
				CLANG_WARN__DUPLICATE_METHOD_MATCH = YES;
				COPY_PHASE_STRIP = NO;
				DEBUG_INFORMATION_FORMAT = "dwarf-with-dsym";
				ENABLE_NS_ASSERTIONS = NO;
				ENABLE_STRICT_OBJC_MSGSEND = YES;
				ENABLE_USER_SCRIPT_SANDBOXING = YES;
				GCC_C_LANGUAGE_STANDARD = gnu17;
				GCC_NO_COMMON_BLOCKS = YES;
				GCC_WARN_64_TO_32_BIT_CONVERSION = YES;
				GCC_WARN_ABOUT_RETURN_TYPE = YES_ERROR;
				GCC_WARN_UNDECLARED_SELECTOR = YES;
				GCC_WARN_UNINITIALIZED_AUTOS = YES_AGGRESSIVE;
				GCC_WARN_UNUSED_FUNCTION = YES;
				GCC_WARN_UNUSED_VARIABLE = YES;
				IPHONEOS_DEPLOYMENT_TARGET = 18.1;
				LOCALIZATION_PREFERS_STRING_CATALOGS = YES;
				MTL_ENABLE_DEBUG_INFO = NO;
				MTL_FAST_MATH = YES;
				SDKROOT = iphoneos;
				SWIFT_COMPILATION_MODE = wholemodule;
				VALIDATE_PRODUCT = YES;
			};
			name = Release;
		};
		8F75060B2D096F54001B9BC0 /* Debug */ = {
			isa = XCBuildConfiguration;
			buildSettings = {
				ASSETCATALOG_COMPILER_APPICON_NAME = AppIcon;
				ASSETCATALOG_COMPILER_GLOBAL_ACCENT_COLOR_NAME = AccentColor;
				ASSETCATALOG_COMPILER_INCLUDE_ALL_APPICON_ASSETS = YES;
				CLANG_ENABLE_MODULES = YES;
				CODE_SIGN_STYLE = Automatic;
				CURRENT_PROJECT_VERSION = 1;
				DEVELOPMENT_ASSET_PATHS = "\"ToDoListSwift/Preview Content\"";
				DEVELOPMENT_TEAM = A783DQ5MNB;
				ENABLE_PREVIEWS = YES;
				GENERATE_INFOPLIST_FILE = YES;
				INFOPLIST_KEY_CFBundleDisplayName = ToDoList;
				INFOPLIST_KEY_LSApplicationCategoryType = "public.app-category.education";
				INFOPLIST_KEY_UIApplicationSceneManifest_Generation = YES;
				INFOPLIST_KEY_UIApplicationSupportsIndirectInputEvents = YES;
				INFOPLIST_KEY_UILaunchScreen_Generation = YES;
				INFOPLIST_KEY_UILaunchStoryboardName = LaunchScreen;
				INFOPLIST_KEY_UISupportedInterfaceOrientations_iPad = "UIInterfaceOrientationPortrait UIInterfaceOrientationPortraitUpsideDown UIInterfaceOrientationLandscapeLeft UIInterfaceOrientationLandscapeRight";
				INFOPLIST_KEY_UISupportedInterfaceOrientations_iPhone = "UIInterfaceOrientationPortrait UIInterfaceOrientationLandscapeLeft UIInterfaceOrientationLandscapeRight";
				LD_RUNPATH_SEARCH_PATHS = (
					"$(inherited)",
					"@executable_path/Frameworks",
				);
				MARKETING_VERSION = 1.0;
				PRODUCT_BUNDLE_IDENTIFIER = com.ToDoListSwift;
				PRODUCT_NAME = "$(TARGET_NAME)";
				SWIFT_EMIT_LOC_STRINGS = YES;
				SWIFT_OBJC_INTEROP_MODE = objcxx;
				SWIFT_OPTIMIZATION_LEVEL = "-Onone";
				SWIFT_VERSION = 5.0;
				TARGETED_DEVICE_FAMILY = "1,2";
				USER_HEADER_SEARCH_PATHS = /Users/hamzawahab/Downloads/ToDoList/ToDoListSwift/Backend;
			};
			name = Debug;
		};
		8F75060C2D096F54001B9BC0 /* Release */ = {
			isa = XCBuildConfiguration;
			buildSettings = {
				ASSETCATALOG_COMPILER_APPICON_NAME = AppIcon;
				ASSETCATALOG_COMPILER_GLOBAL_ACCENT_COLOR_NAME = AccentColor;
				ASSETCATALOG_COMPILER_INCLUDE_ALL_APPICON_ASSETS = YES;
				CLANG_ENABLE_MODULES = YES;
				CODE_SIGN_STYLE = Automatic;
				CURRENT_PROJECT_VERSION = 1;
				DEVELOPMENT_ASSET_PATHS = "\"ToDoListSwift/Preview Content\"";
				DEVELOPMENT_TEAM = A783DQ5MNB;
				ENABLE_PREVIEWS = YES;
				GENERATE_INFOPLIST_FILE = YES;
				INFOPLIST_KEY_CFBundleDisplayName = ToDoList;
				INFOPLIST_KEY_LSApplicationCategoryType = "public.app-category.education";
				INFOPLIST_KEY_UIApplicationSceneManifest_Generation = YES;
				INFOPLIST_KEY_UIApplicationSupportsIndirectInputEvents = YES;
				INFOPLIST_KEY_UILaunchScreen_Generation = YES;
				INFOPLIST_KEY_UILaunchStoryboardName = LaunchScreen;
				INFOPLIST_KEY_UISupportedInterfaceOrientations_iPad = "UIInterfaceOrientationPortrait UIInterfaceOrientationPortraitUpsideDown UIInterfaceOrientationLandscapeLeft UIInterfaceOrientationLandscapeRight";
				INFOPLIST_KEY_UISupportedInterfaceOrientations_iPhone = "UIInterfaceOrientationPortrait UIInterfaceOrientationLandscapeLeft UIInterfaceOrientationLandscapeRight";
				LD_RUNPATH_SEARCH_PATHS = (
					"$(inherited)",
					"@executable_path/Frameworks",
				);
				MARKETING_VERSION = 1.0;
				PRODUCT_BUNDLE_IDENTIFIER = com.ToDoListSwift;
				PRODUCT_NAME = "$(TARGET_NAME)";
				SWIFT_EMIT_LOC_STRINGS = YES;
				SWIFT_OBJC_INTEROP_MODE = objcxx;
				SWIFT_VERSION = 5.0;
				TARGETED_DEVICE_FAMILY = "1,2";
				USER_HEADER_SEARCH_PATHS = /Users/hamzawahab/Downloads/ToDoList/ToDoListSwift/Backend;
			};
			name = Release;
		};
		8F75060E2D096F54001B9BC0 /* Debug */ = {
			isa = XCBuildConfiguration;
			buildSettings = {
				BUNDLE_LOADER = "$(TEST_HOST)";
				CODE_SIGN_STYLE = Automatic;
				CURRENT_PROJECT_VERSION = 1;
				GENERATE_INFOPLIST_FILE = YES;
				IPHONEOS_DEPLOYMENT_TARGET = 18.1;
				MARKETING_VERSION = 1.0;
				PRODUCT_BUNDLE_IDENTIFIER = com.ToDoListSwiftTests;
				PRODUCT_NAME = "$(TARGET_NAME)";
				SWIFT_EMIT_LOC_STRINGS = NO;
				SWIFT_VERSION = 5.0;
				TARGETED_DEVICE_FAMILY = "1,2";
				TEST_HOST = "$(BUILT_PRODUCTS_DIR)/ToDoListSwift.app/$(BUNDLE_EXECUTABLE_FOLDER_PATH)/ToDoListSwift";
			};
			name = Debug;
		};
		8F75060F2D096F54001B9BC0 /* Release */ = {
			isa = XCBuildConfiguration;
			buildSettings = {
				BUNDLE_LOADER = "$(TEST_HOST)";
				CODE_SIGN_STYLE = Automatic;
				CURRENT_PROJECT_VERSION = 1;
				GENERATE_INFOPLIST_FILE = YES;
				IPHONEOS_DEPLOYMENT_TARGET = 18.1;
				MARKETING_VERSION = 1.0;
				PRODUCT_BUNDLE_IDENTIFIER = com.ToDoListSwiftTests;
				PRODUCT_NAME = "$(TARGET_NAME)";
				SWIFT_EMIT_LOC_STRINGS = NO;
				SWIFT_VERSION = 5.0;
				TARGETED_DEVICE_FAMILY = "1,2";
				TEST_HOST = "$(BUILT_PRODUCTS_DIR)/ToDoListSwift.app/$(BUNDLE_EXECUTABLE_FOLDER_PATH)/ToDoListSwift";
			};
			name = Release;
		};
		8F7506112D096F54001B9BC0 /* Debug */ = {
			isa = XCBuildConfiguration;
			buildSettings = {
				CODE_SIGN_STYLE = Automatic;
				CURRENT_PROJECT_VERSION = 1;
				GENERATE_INFOPLIST_FILE = YES;
				MARKETING_VERSION = 1.0;
				PRODUCT_BUNDLE_IDENTIFIER = com.ToDoListSwiftUITests;
				PRODUCT_NAME = "$(TARGET_NAME)";
				SWIFT_EMIT_LOC_STRINGS = NO;
				SWIFT_VERSION = 5.0;
				TARGETED_DEVICE_FAMILY = "1,2";
				TEST_TARGET_NAME = ToDoListSwift;
			};
			name = Debug;
		};
		8F7506122D096F54001B9BC0 /* Release */ = {
			isa = XCBuildConfiguration;
			buildSettings = {
				CODE_SIGN_STYLE = Automatic;
				CURRENT_PROJECT_VERSION = 1;
				GENERATE_INFOPLIST_FILE = YES;
				MARKETING_VERSION = 1.0;
				PRODUCT_BUNDLE_IDENTIFIER = com.ToDoListSwiftUITests;
				PRODUCT_NAME = "$(TARGET_NAME)";
				SWIFT_EMIT_LOC_STRINGS = NO;
				SWIFT_VERSION = 5.0;
				TARGETED_DEVICE_FAMILY = "1,2";
				TEST_TARGET_NAME = ToDoListSwift;
			};
			name = Release;
		};
/* End XCBuildConfiguration section */

/* Begin XCConfigurationList section */
		8F7505E12D096F52001B9BC0 /* Build configuration list for PBXProject "ToDoListSwift" */ = {
			isa = XCConfigurationList;
			buildConfigurations = (
				8F7506082D096F54001B9BC0 /* Debug */,
				8F7506092D096F54001B9BC0 /* Release */,
			);
			defaultConfigurationIsVisible = 0;
			defaultConfigurationName = Release;
		};
		8F75060A2D096F54001B9BC0 /* Build configuration list for PBXNativeTarget "ToDoListSwift" */ = {
			isa = XCConfigurationList;
			buildConfigurations = (
				8F75060B2D096F54001B9BC0 /* Debug */,
				8F75060C2D096F54001B9BC0 /* Release */,
			);
			defaultConfigurationIsVisible = 0;
			defaultConfigurationName = Release;
		};
		8F75060D2D096F54001B9BC0 /* Build configuration list for PBXNativeTarget "ToDoListSwiftTests" */ = {
			isa = XCConfigurationList;
			buildConfigurations = (
				8F75060E2D096F54001B9BC0 /* Debug */,
				8F75060F2D096F54001B9BC0 /* Release */,
			);
			defaultConfigurationIsVisible = 0;
			defaultConfigurationName = Release;
		};
		8F7506102D096F54001B9BC0 /* Build configuration list for PBXNativeTarget "ToDoListSwiftUITests" */ = {
			isa = XCConfigurationList;
			buildConfigurations = (
				8F7506112D096F54001B9BC0 /* Debug */,
				8F7506122D096F54001B9BC0 /* Release */,
			);
			defaultConfigurationIsVisible = 0;
			defaultConfigurationName = Release;
		};
/* End XCConfigurationList section */

/* Begin XCRemoteSwiftPackageReference section */
		8F1EAC5E2D20B9A800591918 /* XCRemoteSwiftPackageReference "firebase-ios-sdk" */ = {
			isa = XCRemoteSwiftPackageReference;
			repositoryURL = "https://github.com/firebase/firebase-ios-sdk";
			requirement = {
				kind = upToNextMajorVersion;
				minimumVersion = 11.6.0;
			};
		};
/* End XCRemoteSwiftPackageReference section */

/* Begin XCSwiftPackageProductDependency section */
		8F1EAC5F2D20B9A800591918 /* FirebaseAuth */ = {
			isa = XCSwiftPackageProductDependency;
			package = 8F1EAC5E2D20B9A800591918 /* XCRemoteSwiftPackageReference "firebase-ios-sdk" */;
			productName = FirebaseAuth;
		};
		8F1EAC612D20B9A800591918 /* FirebaseFirestore */ = {
			isa = XCSwiftPackageProductDependency;
			package = 8F1EAC5E2D20B9A800591918 /* XCRemoteSwiftPackageReference "firebase-ios-sdk" */;
			productName = FirebaseFirestore;
		};
		8F1EAC632D20B9A800591918 /* FirebaseStorage */ = {
			isa = XCSwiftPackageProductDependency;
			package = 8F1EAC5E2D20B9A800591918 /* XCRemoteSwiftPackageReference "firebase-ios-sdk" */;
			productName = FirebaseStorage;
		};
/* End XCSwiftPackageProductDependency section */
	};
	rootObject = 8F7505DE2D096F52001B9BC0 /* Project object */;
}
